
Microsoft Visual Studio Solution File, Format Version 12.00
# Visual Studio Version 16
VisualStudioVersion = 16.0.30611.23
MinimumVisualStudioVersion = 10.0.40219.1
Project("{FAE04EC0-301F-11D3-BF4B-00C04F79EFBC}") = "HesapMakinesi", "HesapMakinesi.csproj", "{C49D4EB1-A74C-40BF-8172-0729A2AE9C57}"
EndProject
Global
	GlobalSection(SolutionConfigurationPlatforms) = preSolution
		Debug|Any CPU = Debug|Any CPU
		Release|Any CPU = Release|Any CPU
	EndGlobalSection
	GlobalSection(ProjectConfigurationPlatforms) = postSolution
		{C49D4EB1-A74C-40BF-8172-0729A2AE9C57}.Debug|Any CPU.ActiveCfg = Debug|Any CPU
		{C49D4EB1-A74C-40BF-8172-0729A2AE9C57}.Debug|Any CPU.Build.0 = Debug|Any CPU
		{C49D4EB1-A74C-40BF-8172-0729A2AE9C57}.Release|Any CPU.ActiveCfg = Release|Any CPU
		{C49D4EB1-A74C-40BF-8172-0729A2AE9C57}.Release|Any CPU.Build.0 = Release|Any CPU
	EndGlobalSection
	GlobalSection(SolutionProperties) = preSolution
		HideSolutionNode = FALSE
	EndGlobalSection
	GlobalSection(ExtensibilityGlobals) = postSolution
		SolutionGuid = {62794898-3C67-4C63-88FA-CB5A1C64F3DF}
	EndGlobalSection
EndGlobal
